
Microsoft Visual Studio Solution File, Format Version 12.00
# Visual Studio 14
VisualStudioVersion = 14.0.25420.1
MinimumVisualStudioVersion = 10.0.40219.1
Project("{2150E333-8FDC-42A3-9474-1A3956D46DE8}") = "Service", "Service", "{413498A1-682D-4801-9D67-B31EF66E0048}"
EndProject
Project("{2150E333-8FDC-42A3-9474-1A3956D46DE8}") = "UI", "UI", "{04039940-436D-4590-B12C-64BC7869FB60}"
EndProject
Project("{2150E333-8FDC-42A3-9474-1A3956D46DE8}") = "Modules", "Modules", "{0F80076E-E22B-40C9-B42F-43B28FAE41C6}"
EndProject
Project("{2150E333-8FDC-42A3-9474-1A3956D46DE8}") = "Modules", "Modules", "{A1BE7F1A-01CF-462A-8C7E-20EB5FD275D3}"
EndProject
Project("{FAE04EC0-301F-11D3-BF4B-00C04F79EFBC}") = "MosaicSample.Shell", "MosaicUI\Shell\MosaicSample.Shell.csproj", "{06E87A89-C153-4D3A-82AA-6CA3055DEE35}"
	ProjectSection(ProjectDependencies) = postProject
		{E8CE5704-C914-471D-ACC7-FF87457C4C29} = {E8CE5704-C914-471D-ACC7-FF87457C4C29}
	EndProjectSection
EndProject
Project("{2150E333-8FDC-42A3-9474-1A3956D46DE8}") = ".nuget", ".nuget", "{DD4978F3-631C-4D94-B394-5920DB14BADA}"
	ProjectSection(SolutionItems) = preProject
		NuGet.Config = NuGet.Config
	EndProjectSection
EndProject
Project("{FAE04EC0-301F-11D3-BF4B-00C04F79EFBC}") = "MosaicSampleUI.Infrastructure", "MosaicUI\Infrastructure\MosaicSampleUI.Infrastructure.csproj", "{C8AA3699-B08D-4B90-BF17-6CE54231A5F3}"
EndProject
Project("{FAE04EC0-301F-11D3-BF4B-00C04F79EFBC}") = "MosaicSample.Infrastructure", "MosaicService\Infrastructure\MosaicSample.Infrastructure.csproj", "{C9CA565C-F594-4B9F-9F8B-1843B9FEE164}"
EndProject
Project("{FAE04EC0-301F-11D3-BF4B-00C04F79EFBC}") = "MosaicSample.MosaicService", "MosaicService\Service\MosaicSample.MosaicService.csproj", "{DA03F695-5083-455C-AA53-2DCD0D10C6B6}"
EndProject
Project("{FAE04EC0-301F-11D3-BF4B-00C04F79EFBC}") = "MosaicSample.CommonServices", "MosaicService\CommonServices\MosaicSample.CommonServices.csproj", "{E8CE5704-C914-471D-ACC7-FF87457C4C29}"
EndProject
Project("{FAE04EC0-301F-11D3-BF4B-00C04F79EFBC}") = "MosaicSample.DemoModuleB", "MosaicService\Modules\DemoModuleB\MosaicSample.DemoModuleB.csproj", "{AB92BA9D-C727-4658-AF49-10804DE5B797}"
EndProject
Project("{FAE04EC0-301F-11D3-BF4B-00C04F79EFBC}") = "MosaicSample.DemoModuleA", "MosaicService\Modules\DemoModuleA\MosaicSample.DemoModuleA.csproj", "{56282471-91FE-4AA8-90A7-B0FE88D0E889}"
EndProject
Project("{FAE04EC0-301F-11D3-BF4B-00C04F79EFBC}") = "MosaicSample.DemoModuleC", "MosaicService\Modules\DemoModuleC\MosaicSample.DemoModuleC.csproj", "{599A9FB4-756A-4312-958C-C3BB97EDD0D2}"
EndProject
Project("{FAE04EC0-301F-11D3-BF4B-00C04F79EFBC}") = "MosaicSample.UI.DemoModuleA", "MosaicUI\Modules\DemoModuleA\MosaicSample.UI.DemoModuleA.csproj", "{58A5B09F-3C6C-4682-846D-FB6E37208831}"
	ProjectSection(ProjectDependencies) = postProject
		{56282471-91FE-4AA8-90A7-B0FE88D0E889} = {56282471-91FE-4AA8-90A7-B0FE88D0E889}
	EndProjectSection
EndProject
Project("{FAE04EC0-301F-11D3-BF4B-00C04F79EFBC}") = "MosaicSample.UI.DemoModuleC", "MosaicUI\Modules\DemoModuleC\MosaicSample.UI.DemoModuleC.csproj", "{E3F4E202-4C75-44E2-A059-A7AB89FC81E9}"
	ProjectSection(ProjectDependencies) = postProject
		{599A9FB4-756A-4312-958C-C3BB97EDD0D2} = {599A9FB4-756A-4312-958C-C3BB97EDD0D2}
	EndProjectSection
EndProject
Project("{FAE04EC0-301F-11D3-BF4B-00C04F79EFBC}") = "MosaicSample.UI.DemoModuleB", "MosaicUI\Modules\DemoModuleB\MosaicSample.UI.DemoModuleB.csproj", "{610291DE-4121-45D8-834F-AE6352ECE40C}"
EndProject
Project("{FAE04EC0-301F-11D3-BF4B-00C04F79EFBC}") = "MosaicSample.FinishingStationModule", "MosaicService\Modules\FinishingStationModule\MosaicSample.FinishingStationModule.csproj", "{37E436C3-A7EA-4E1A-A13A-81E8E75573B3}"
EndProject
Project("{FAE04EC0-301F-11D3-BF4B-00C04F79EFBC}") = "MosaicSample.UI.FinishingStationModule", "MosaicUI\Modules\FinishingStationModule\MosaicSample.UI.FinishingStationModule.csproj", "{996CAF37-723F-4E82-B575-4AFF54B9CFB1}"
	ProjectSection(ProjectDependencies) = postProject
		{37E436C3-A7EA-4E1A-A13A-81E8E75573B3} = {37E436C3-A7EA-4E1A-A13A-81E8E75573B3}
	EndProjectSection
EndProject
Project("{FAE04EC0-301F-11D3-BF4B-00C04F79EFBC}") = "MosaicSample.EntryStation", "MosaicService\Modules\EntryStation\MosaicSample.EntryStation.csproj", "{A1F62247-6293-42BB-9ECE-BE7D45B3AC6E}"
EndProject
Project("{FAE04EC0-301F-11D3-BF4B-00C04F79EFBC}") = "MosaicSample.UI.EntryStation", "MosaicUI\Modules\EntryStation\MosaicSample.UI.EntryStation.csproj", "{9B2AD12B-C5D7-4F56-B81E-701BCF44D758}"
	ProjectSection(ProjectDependencies) = postProject
		{A1F62247-6293-42BB-9ECE-BE7D45B3AC6E} = {A1F62247-6293-42BB-9ECE-BE7D45B3AC6E}
	EndProjectSection
EndProject
Project("{FAE04EC0-301F-11D3-BF4B-00C04F79EFBC}") = "Common.GenericScanStation", "MosaicService\Modules\GenericScanStation\Common.GenericScanStation.csproj", "{A2188C4E-FBA7-4CDC-B2FC-B13A15671DEB}"
EndProject
Project("{FAE04EC0-301F-11D3-BF4B-00C04F79EFBC}") = "Common.WebUiService", "MosaicService\WebUiService\Common.WebUiService.csproj", "{59BFB593-7DB7-46D3-9FAD-4CF275AD4E77}"
EndProject
Project("{FAE04EC0-301F-11D3-BF4B-00C04F79EFBC}") = "MosaicSample.InMemoryIntegrationTests", "MosaicService\Testing\InMemoryIntegrationTests\MosaicSample.InMemoryIntegrationTests.csproj", "{6F7EB272-11A0-4C06-9A06-F2CCAE7953B1}"
EndProject
Global
	GlobalSection(SolutionConfigurationPlatforms) = preSolution
		Debug|Any CPU = Debug|Any CPU
		Release|Any CPU = Release|Any CPU
	EndGlobalSection
	GlobalSection(ProjectConfigurationPlatforms) = postSolution
		{06E87A89-C153-4D3A-82AA-6CA3055DEE35}.Debug|Any CPU.ActiveCfg = Debug|Any CPU
		{06E87A89-C153-4D3A-82AA-6CA3055DEE35}.Debug|Any CPU.Build.0 = Debug|Any CPU
		{06E87A89-C153-4D3A-82AA-6CA3055DEE35}.Release|Any CPU.ActiveCfg = Release|Any CPU
		{06E87A89-C153-4D3A-82AA-6CA3055DEE35}.Release|Any CPU.Build.0 = Release|Any CPU
		{C8AA3699-B08D-4B90-BF17-6CE54231A5F3}.Debug|Any CPU.ActiveCfg = Debug|Any CPU
		{C8AA3699-B08D-4B90-BF17-6CE54231A5F3}.Debug|Any CPU.Build.0 = Debug|Any CPU
		{C8AA3699-B08D-4B90-BF17-6CE54231A5F3}.Release|Any CPU.ActiveCfg = Release|Any CPU
		{C8AA3699-B08D-4B90-BF17-6CE54231A5F3}.Release|Any CPU.Build.0 = Release|Any CPU
		{C9CA565C-F594-4B9F-9F8B-1843B9FEE164}.Debug|Any CPU.ActiveCfg = Debug|Any CPU
		{C9CA565C-F594-4B9F-9F8B-1843B9FEE164}.Debug|Any CPU.Build.0 = Debug|Any CPU
		{C9CA565C-F594-4B9F-9F8B-1843B9FEE164}.Release|Any CPU.ActiveCfg = Release|Any CPU
		{C9CA565C-F594-4B9F-9F8B-1843B9FEE164}.Release|Any CPU.Build.0 = Release|Any CPU
		{DA03F695-5083-455C-AA53-2DCD0D10C6B6}.Debug|Any CPU.ActiveCfg = Debug|Any CPU
		{DA03F695-5083-455C-AA53-2DCD0D10C6B6}.Debug|Any CPU.Build.0 = Debug|Any CPU
		{DA03F695-5083-455C-AA53-2DCD0D10C6B6}.Release|Any CPU.ActiveCfg = Release|Any CPU
		{DA03F695-5083-455C-AA53-2DCD0D10C6B6}.Release|Any CPU.Build.0 = Release|Any CPU
		{E8CE5704-C914-471D-ACC7-FF87457C4C29}.Debug|Any CPU.ActiveCfg = Debug|Any CPU
		{E8CE5704-C914-471D-ACC7-FF87457C4C29}.Debug|Any CPU.Build.0 = Debug|Any CPU
		{E8CE5704-C914-471D-ACC7-FF87457C4C29}.Release|Any CPU.ActiveCfg = Release|Any CPU
		{E8CE5704-C914-471D-ACC7-FF87457C4C29}.Release|Any CPU.Build.0 = Release|Any CPU
		{AB92BA9D-C727-4658-AF49-10804DE5B797}.Debug|Any CPU.ActiveCfg = Debug|Any CPU
		{AB92BA9D-C727-4658-AF49-10804DE5B797}.Debug|Any CPU.Build.0 = Debug|Any CPU
		{AB92BA9D-C727-4658-AF49-10804DE5B797}.Release|Any CPU.ActiveCfg = Release|Any CPU
		{AB92BA9D-C727-4658-AF49-10804DE5B797}.Release|Any CPU.Build.0 = Release|Any CPU
		{56282471-91FE-4AA8-90A7-B0FE88D0E889}.Debug|Any CPU.ActiveCfg = Debug|Any CPU
		{56282471-91FE-4AA8-90A7-B0FE88D0E889}.Debug|Any CPU.Build.0 = Debug|Any CPU
		{56282471-91FE-4AA8-90A7-B0FE88D0E889}.Release|Any CPU.ActiveCfg = Release|Any CPU
		{56282471-91FE-4AA8-90A7-B0FE88D0E889}.Release|Any CPU.Build.0 = Release|Any CPU
		{599A9FB4-756A-4312-958C-C3BB97EDD0D2}.Debug|Any CPU.ActiveCfg = Debug|Any CPU
		{599A9FB4-756A-4312-958C-C3BB97EDD0D2}.Debug|Any CPU.Build.0 = Debug|Any CPU
		{599A9FB4-756A-4312-958C-C3BB97EDD0D2}.Release|Any CPU.ActiveCfg = Release|Any CPU
		{599A9FB4-756A-4312-958C-C3BB97EDD0D2}.Release|Any CPU.Build.0 = Release|Any CPU
		{58A5B09F-3C6C-4682-846D-FB6E37208831}.Debug|Any CPU.ActiveCfg = Debug|Any CPU
		{58A5B09F-3C6C-4682-846D-FB6E37208831}.Debug|Any CPU.Build.0 = Debug|Any CPU
		{58A5B09F-3C6C-4682-846D-FB6E37208831}.Release|Any CPU.ActiveCfg = Release|Any CPU
		{58A5B09F-3C6C-4682-846D-FB6E37208831}.Release|Any CPU.Build.0 = Release|Any CPU
		{E3F4E202-4C75-44E2-A059-A7AB89FC81E9}.Debug|Any CPU.ActiveCfg = Debug|Any CPU
		{E3F4E202-4C75-44E2-A059-A7AB89FC81E9}.Debug|Any CPU.Build.0 = Debug|Any CPU
		{E3F4E202-4C75-44E2-A059-A7AB89FC81E9}.Release|Any CPU.ActiveCfg = Release|Any CPU
		{E3F4E202-4C75-44E2-A059-A7AB89FC81E9}.Release|Any CPU.Build.0 = Release|Any CPU
		{610291DE-4121-45D8-834F-AE6352ECE40C}.Debug|Any CPU.ActiveCfg = Debug|Any CPU
		{610291DE-4121-45D8-834F-AE6352ECE40C}.Debug|Any CPU.Build.0 = Debug|Any CPU
		{610291DE-4121-45D8-834F-AE6352ECE40C}.Release|Any CPU.ActiveCfg = Release|Any CPU
		{610291DE-4121-45D8-834F-AE6352ECE40C}.Release|Any CPU.Build.0 = Release|Any CPU
		{37E436C3-A7EA-4E1A-A13A-81E8E75573B3}.Debug|Any CPU.ActiveCfg = Debug|Any CPU
		{37E436C3-A7EA-4E1A-A13A-81E8E75573B3}.Debug|Any CPU.Build.0 = Debug|Any CPU
		{37E436C3-A7EA-4E1A-A13A-81E8E75573B3}.Release|Any CPU.ActiveCfg = Release|Any CPU
		{37E436C3-A7EA-4E1A-A13A-81E8E75573B3}.Release|Any CPU.Build.0 = Release|Any CPU
		{996CAF37-723F-4E82-B575-4AFF54B9CFB1}.Debug|Any CPU.ActiveCfg = Debug|Any CPU
		{996CAF37-723F-4E82-B575-4AFF54B9CFB1}.Debug|Any CPU.Build.0 = Debug|Any CPU
		{996CAF37-723F-4E82-B575-4AFF54B9CFB1}.Release|Any CPU.ActiveCfg = Release|Any CPU
		{996CAF37-723F-4E82-B575-4AFF54B9CFB1}.Release|Any CPU.Build.0 = Release|Any CPU
		{A1F62247-6293-42BB-9ECE-BE7D45B3AC6E}.Debug|Any CPU.ActiveCfg = Debug|Any CPU
		{A1F62247-6293-42BB-9ECE-BE7D45B3AC6E}.Debug|Any CPU.Build.0 = Debug|Any CPU
		{A1F62247-6293-42BB-9ECE-BE7D45B3AC6E}.Release|Any CPU.ActiveCfg = Release|Any CPU
		{A1F62247-6293-42BB-9ECE-BE7D45B3AC6E}.Release|Any CPU.Build.0 = Release|Any CPU
		{9B2AD12B-C5D7-4F56-B81E-701BCF44D758}.Debug|Any CPU.ActiveCfg = Debug|Any CPU
		{9B2AD12B-C5D7-4F56-B81E-701BCF44D758}.Debug|Any CPU.Build.0 = Debug|Any CPU
		{9B2AD12B-C5D7-4F56-B81E-701BCF44D758}.Release|Any CPU.ActiveCfg = Release|Any CPU
		{9B2AD12B-C5D7-4F56-B81E-701BCF44D758}.Release|Any CPU.Build.0 = Release|Any CPU
		{A2188C4E-FBA7-4CDC-B2FC-B13A15671DEB}.Debug|Any CPU.ActiveCfg = Debug|Any CPU
		{A2188C4E-FBA7-4CDC-B2FC-B13A15671DEB}.Debug|Any CPU.Build.0 = Debug|Any CPU
		{A2188C4E-FBA7-4CDC-B2FC-B13A15671DEB}.Release|Any CPU.ActiveCfg = Release|Any CPU
		{A2188C4E-FBA7-4CDC-B2FC-B13A15671DEB}.Release|Any CPU.Build.0 = Release|Any CPU
		{59BFB593-7DB7-46D3-9FAD-4CF275AD4E77}.Debug|Any CPU.ActiveCfg = Debug|Any CPU
		{59BFB593-7DB7-46D3-9FAD-4CF275AD4E77}.Debug|Any CPU.Build.0 = Debug|Any CPU
		{59BFB593-7DB7-46D3-9FAD-4CF275AD4E77}.Release|Any CPU.ActiveCfg = Release|Any CPU
		{59BFB593-7DB7-46D3-9FAD-4CF275AD4E77}.Release|Any CPU.Build.0 = Release|Any CPU
		{6F7EB272-11A0-4C06-9A06-F2CCAE7953B1}.Debug|Any CPU.ActiveCfg = Debug|Any CPU
		{6F7EB272-11A0-4C06-9A06-F2CCAE7953B1}.Debug|Any CPU.Build.0 = Debug|Any CPU
		{6F7EB272-11A0-4C06-9A06-F2CCAE7953B1}.Release|Any CPU.ActiveCfg = Release|Any CPU
		{6F7EB272-11A0-4C06-9A06-F2CCAE7953B1}.Release|Any CPU.Build.0 = Release|Any CPU
	EndGlobalSection
	GlobalSection(SolutionProperties) = preSolution
		HideSolutionNode = FALSE
	EndGlobalSection
	GlobalSection(NestedProjects) = preSolution
		{0F80076E-E22B-40C9-B42F-43B28FAE41C6} = {413498A1-682D-4801-9D67-B31EF66E0048}
		{A1BE7F1A-01CF-462A-8C7E-20EB5FD275D3} = {04039940-436D-4590-B12C-64BC7869FB60}
		{06E87A89-C153-4D3A-82AA-6CA3055DEE35} = {04039940-436D-4590-B12C-64BC7869FB60}
		{C8AA3699-B08D-4B90-BF17-6CE54231A5F3} = {04039940-436D-4590-B12C-64BC7869FB60}
		{C9CA565C-F594-4B9F-9F8B-1843B9FEE164} = {413498A1-682D-4801-9D67-B31EF66E0048}
		{DA03F695-5083-455C-AA53-2DCD0D10C6B6} = {413498A1-682D-4801-9D67-B31EF66E0048}
		{E8CE5704-C914-471D-ACC7-FF87457C4C29} = {413498A1-682D-4801-9D67-B31EF66E0048}
		{AB92BA9D-C727-4658-AF49-10804DE5B797} = {0F80076E-E22B-40C9-B42F-43B28FAE41C6}
		{56282471-91FE-4AA8-90A7-B0FE88D0E889} = {0F80076E-E22B-40C9-B42F-43B28FAE41C6}
		{599A9FB4-756A-4312-958C-C3BB97EDD0D2} = {0F80076E-E22B-40C9-B42F-43B28FAE41C6}
		{58A5B09F-3C6C-4682-846D-FB6E37208831} = {A1BE7F1A-01CF-462A-8C7E-20EB5FD275D3}
		{E3F4E202-4C75-44E2-A059-A7AB89FC81E9} = {A1BE7F1A-01CF-462A-8C7E-20EB5FD275D3}
		{610291DE-4121-45D8-834F-AE6352ECE40C} = {A1BE7F1A-01CF-462A-8C7E-20EB5FD275D3}
		{37E436C3-A7EA-4E1A-A13A-81E8E75573B3} = {0F80076E-E22B-40C9-B42F-43B28FAE41C6}
		{996CAF37-723F-4E82-B575-4AFF54B9CFB1} = {A1BE7F1A-01CF-462A-8C7E-20EB5FD275D3}
		{A1F62247-6293-42BB-9ECE-BE7D45B3AC6E} = {0F80076E-E22B-40C9-B42F-43B28FAE41C6}
		{9B2AD12B-C5D7-4F56-B81E-701BCF44D758} = {A1BE7F1A-01CF-462A-8C7E-20EB5FD275D3}
		{A2188C4E-FBA7-4CDC-B2FC-B13A15671DEB} = {0F80076E-E22B-40C9-B42F-43B28FAE41C6}
		{59BFB593-7DB7-46D3-9FAD-4CF275AD4E77} = {413498A1-682D-4801-9D67-B31EF66E0048}
	EndGlobalSection
EndGlobal
